
Microsoft Visual Studio Solution File, Format Version 12.00
# Visual Studio Version 17
VisualStudioVersion = 17.3.32922.545
MinimumVisualStudioVersion = 10.0.40219.1
Project("{9A19103F-16F7-4668-BE54-9A1E7A4F7556}") = "Sale_Save", "Sale_Save.csproj", "{CBC07023-9AB0-4056-AADF-5B433A30D4EC}"
EndProject
Global
	GlobalSection(SolutionConfigurationPlatforms) = preSolution
		Debug|Any CPU = Debug|Any CPU
		Release|Any CPU = Release|Any CPU
	EndGlobalSection
	GlobalSection(ProjectConfigurationPlatforms) = postSolution
		{CBC07023-9AB0-4056-AADF-5B433A30D4EC}.Debug|Any CPU.ActiveCfg = Debug|Any CPU
		{CBC07023-9AB0-4056-AADF-5B433A30D4EC}.Debug|Any CPU.Build.0 = Debug|Any CPU
		{CBC07023-9AB0-4056-AADF-5B433A30D4EC}.Release|Any CPU.ActiveCfg = Release|Any CPU
		{CBC07023-9AB0-4056-AADF-5B433A30D4EC}.Release|Any CPU.Build.0 = Release|Any CPU
	EndGlobalSection
	GlobalSection(SolutionProperties) = preSolution
		HideSolutionNode = FALSE
	EndGlobalSection
	GlobalSection(ExtensibilityGlobals) = postSolution
		SolutionGuid = {2743933C-EBB8-418D-AA1C-39B8872FDEC6}
	EndGlobalSection
EndGlobal
